
Microsoft Visual Studio Solution File, Format Version 12.00
# Visual Studio 15
VisualStudioVersion = 15.0.27703.2035
MinimumVisualStudioVersion = 10.0.40219.1
Project("{9A19103F-16F7-4668-BE54-9A1E7A4F7556}") = "Kongrevsky.QuickBase.Core", "Kongrevsky.QuickBase.Core\Kongrevsky.QuickBase.Core.csproj", "{67FD1ED1-0A0A-40DB-B598-2FF665184F19}"
EndProject
Project("{9A19103F-16F7-4668-BE54-9A1E7A4F7556}") = "Kongrevsky.QuickBase.Client", "Kongrevsky.QuickBase.Client\Kongrevsky.QuickBase.Client.csproj", "{89B09A49-D721-4549-88C2-B246297E5986}"
EndProject
Global
	GlobalSection(SolutionConfigurationPlatforms) = preSolution
		Debug|Any CPU = Debug|Any CPU
		Release|Any CPU = Release|Any CPU
	EndGlobalSection
	GlobalSection(ProjectConfigurationPlatforms) = postSolution
		{67FD1ED1-0A0A-40DB-B598-2FF665184F19}.Debug|Any CPU.ActiveCfg = Debug|Any CPU
		{67FD1ED1-0A0A-40DB-B598-2FF665184F19}.Debug|Any CPU.Build.0 = Debug|Any CPU
		{67FD1ED1-0A0A-40DB-B598-2FF665184F19}.Release|Any CPU.ActiveCfg = Release|Any CPU
		{67FD1ED1-0A0A-40DB-B598-2FF665184F19}.Release|Any CPU.Build.0 = Release|Any CPU
		{89B09A49-D721-4549-88C2-B246297E5986}.Debug|Any CPU.ActiveCfg = Debug|Any CPU
		{89B09A49-D721-4549-88C2-B246297E5986}.Debug|Any CPU.Build.0 = Debug|Any CPU
		{89B09A49-D721-4549-88C2-B246297E5986}.Release|Any CPU.ActiveCfg = Release|Any CPU
		{89B09A49-D721-4549-88C2-B246297E5986}.Release|Any CPU.Build.0 = Release|Any CPU
	EndGlobalSection
	GlobalSection(SolutionProperties) = preSolution
		HideSolutionNode = FALSE
	EndGlobalSection
	GlobalSection(ExtensibilityGlobals) = postSolution
		SolutionGuid = {5AA4A2F5-0BC4-480D-B4A0-9836FAB2759C}
	EndGlobalSection
EndGlobal
